// !$*UTF8*$!
{
	archiveVersion = 1;
	classes = {
	};
	objectVersion = 56;
	objects = {

/* Begin PBXBuildFile section */
		7C738835293502BB008CBA4D /* AppDelegate.swift in Sources */ = {isa = PBXBuildFile; fileRef = 7C738834293502BB008CBA4D /* AppDelegate.swift */; };
		7C738837293502BB008CBA4D /* SceneDelegate.swift in Sources */ = {isa = PBXBuildFile; fileRef = 7C738836293502BB008CBA4D /* SceneDelegate.swift */; };
		7C738839293502BB008CBA4D /* HomeViewController.swift in Sources */ = {isa = PBXBuildFile; fileRef = 7C738838293502BB008CBA4D /* HomeViewController.swift */; };
		7C73883C293502BB008CBA4D /* Main.storyboard in Resources */ = {isa = PBXBuildFile; fileRef = 7C73883A293502BB008CBA4D /* Main.storyboard */; };
		7C73883E293502BC008CBA4D /* Assets.xcassets in Resources */ = {isa = PBXBuildFile; fileRef = 7C73883D293502BC008CBA4D /* Assets.xcassets */; };
		7C738841293502BC008CBA4D /* LaunchScreen.storyboard in Resources */ = {isa = PBXBuildFile; fileRef = 7C73883F293502BC008CBA4D /* LaunchScreen.storyboard */; };
		7C73884E293504FB008CBA4D /* ExploreViewController.swift in Sources */ = {isa = PBXBuildFile; fileRef = 7C73884D293504FB008CBA4D /* ExploreViewController.swift */; };
		7C7388502935052D008CBA4D /* CameraViewController.swift in Sources */ = {isa = PBXBuildFile; fileRef = 7C73884F2935052D008CBA4D /* CameraViewController.swift */; };
		7C73885229350550008CBA4D /* NotificationsViewController.swift in Sources */ = {isa = PBXBuildFile; fileRef = 7C73885129350550008CBA4D /* NotificationsViewController.swift */; };
		7C73885429350564008CBA4D /* ProfileViewController.swift in Sources */ = {isa = PBXBuildFile; fileRef = 7C73885329350564008CBA4D /* ProfileViewController.swift */; };
		7C738859293505E0008CBA4D /* LoginViewController.swift in Sources */ = {isa = PBXBuildFile; fileRef = 7C738858293505E0008CBA4D /* LoginViewController.swift */; };
		7C73885B29350625008CBA4D /* RegisterViewController.swift in Sources */ = {isa = PBXBuildFile; fileRef = 7C73885A29350625008CBA4D /* RegisterViewController.swift */; };
		7C73885D2935068A008CBA4D /* PostViewController.swift in Sources */ = {isa = PBXBuildFile; fileRef = 7C73885C2935068A008CBA4D /* PostViewController.swift */; };
		7C738860293506B8008CBA4D /* EditProfileViewController.swift in Sources */ = {isa = PBXBuildFile; fileRef = 7C73885F293506B8008CBA4D /* EditProfileViewController.swift */; };
		7C738862293506D1008CBA4D /* SettingsViewController.swift in Sources */ = {isa = PBXBuildFile; fileRef = 7C738861293506D1008CBA4D /* SettingsViewController.swift */; };
		7C738864293506FF008CBA4D /* ListViewViewController.swift in Sources */ = {isa = PBXBuildFile; fileRef = 7C738863293506FF008CBA4D /* ListViewViewController.swift */; };
		7C73886629350718008CBA4D /* SearchViewController.swift in Sources */ = {isa = PBXBuildFile; fileRef = 7C73886529350718008CBA4D /* SearchViewController.swift */; };
		7C73886829350730008CBA4D /* SearchResultViewController.swift in Sources */ = {isa = PBXBuildFile; fileRef = 7C73886729350730008CBA4D /* SearchResultViewController.swift */; };
		7C73886A29350975008CBA4D /* PostEditorViewController.swift in Sources */ = {isa = PBXBuildFile; fileRef = 7C73886929350975008CBA4D /* PostEditorViewController.swift */; };
		7C73886C29350996008CBA4D /* PublishPostViewController.swift in Sources */ = {isa = PBXBuildFile; fileRef = 7C73886B29350996008CBA4D /* PublishPostViewController.swift */; };
/* End PBXBuildFile section */

/* Begin PBXFileReference section */
		7C738831293502BB008CBA4D /* Instagram.app */ = {isa = PBXFileReference; explicitFileType = wrapper.application; includeInIndex = 0; path = Instagram.app; sourceTree = BUILT_PRODUCTS_DIR; };
		7C738834293502BB008CBA4D /* AppDelegate.swift */ = {isa = PBXFileReference; lastKnownFileType = sourcecode.swift; path = AppDelegate.swift; sourceTree = "<group>"; };
		7C738836293502BB008CBA4D /* SceneDelegate.swift */ = {isa = PBXFileReference; lastKnownFileType = sourcecode.swift; path = SceneDelegate.swift; sourceTree = "<group>"; };
		7C738838293502BB008CBA4D /* HomeViewController.swift */ = {isa = PBXFileReference; lastKnownFileType = sourcecode.swift; path = HomeViewController.swift; sourceTree = "<group>"; };
		7C73883B293502BB008CBA4D /* Base */ = {isa = PBXFileReference; lastKnownFileType = file.storyboard; name = Base; path = Base.lproj/Main.storyboard; sourceTree = "<group>"; };
		7C73883D293502BC008CBA4D /* Assets.xcassets */ = {isa = PBXFileReference; lastKnownFileType = folder.assetcatalog; path = Assets.xcassets; sourceTree = "<group>"; };
		7C738840293502BC008CBA4D /* Base */ = {isa = PBXFileReference; lastKnownFileType = file.storyboard; name = Base; path = Base.lproj/LaunchScreen.storyboard; sourceTree = "<group>"; };
		7C738842293502BC008CBA4D /* Info.plist */ = {isa = PBXFileReference; lastKnownFileType = text.plist.xml; path = Info.plist; sourceTree = "<group>"; };
		7C73884D293504FB008CBA4D /* ExploreViewController.swift */ = {isa = PBXFileReference; lastKnownFileType = sourcecode.swift; path = ExploreViewController.swift; sourceTree = "<group>"; };
		7C73884F2935052D008CBA4D /* CameraViewController.swift */ = {isa = PBXFileReference; lastKnownFileType = sourcecode.swift; path = CameraViewController.swift; sourceTree = "<group>"; };
		7C73885129350550008CBA4D /* NotificationsViewController.swift */ = {isa = PBXFileReference; lastKnownFileType = sourcecode.swift; path = NotificationsViewController.swift; sourceTree = "<group>"; };
		7C73885329350564008CBA4D /* ProfileViewController.swift */ = {isa = PBXFileReference; lastKnownFileType = sourcecode.swift; path = ProfileViewController.swift; sourceTree = "<group>"; };
		7C738858293505E0008CBA4D /* LoginViewController.swift */ = {isa = PBXFileReference; lastKnownFileType = sourcecode.swift; path = LoginViewController.swift; sourceTree = "<group>"; };
		7C73885A29350625008CBA4D /* RegisterViewController.swift */ = {isa = PBXFileReference; lastKnownFileType = sourcecode.swift; path = RegisterViewController.swift; sourceTree = "<group>"; };
		7C73885C2935068A008CBA4D /* PostViewController.swift */ = {isa = PBXFileReference; lastKnownFileType = sourcecode.swift; path = PostViewController.swift; sourceTree = "<group>"; };
		7C73885F293506B8008CBA4D /* EditProfileViewController.swift */ = {isa = PBXFileReference; lastKnownFileType = sourcecode.swift; path = EditProfileViewController.swift; sourceTree = "<group>"; };
		7C738861293506D1008CBA4D /* SettingsViewController.swift */ = {isa = PBXFileReference; lastKnownFileType = sourcecode.swift; path = SettingsViewController.swift; sourceTree = "<group>"; };
		7C738863293506FF008CBA4D /* ListViewViewController.swift */ = {isa = PBXFileReference; lastKnownFileType = sourcecode.swift; path = ListViewViewController.swift; sourceTree = "<group>"; };
		7C73886529350718008CBA4D /* SearchViewController.swift */ = {isa = PBXFileReference; lastKnownFileType = sourcecode.swift; path = SearchViewController.swift; sourceTree = "<group>"; };
		7C73886729350730008CBA4D /* SearchResultViewController.swift */ = {isa = PBXFileReference; lastKnownFileType = sourcecode.swift; path = SearchResultViewController.swift; sourceTree = "<group>"; };
		7C73886929350975008CBA4D /* PostEditorViewController.swift */ = {isa = PBXFileReference; lastKnownFileType = sourcecode.swift; path = PostEditorViewController.swift; sourceTree = "<group>"; };
		7C73886B29350996008CBA4D /* PublishPostViewController.swift */ = {isa = PBXFileReference; lastKnownFileType = sourcecode.swift; path = PublishPostViewController.swift; sourceTree = "<group>"; };
/* End PBXFileReference section */

/* Begin PBXFrameworksBuildPhase section */
		7C73882E293502BB008CBA4D /* Frameworks */ = {
			isa = PBXFrameworksBuildPhase;
			buildActionMask = 2147483647;
			files = (
			);
			runOnlyForDeploymentPostprocessing = 0;
		};
/* End PBXFrameworksBuildPhase section */

/* Begin PBXGroup section */
		7C738828293502BB008CBA4D = {
			isa = PBXGroup;
			children = (
				7C738833293502BB008CBA4D /* Instagram */,
				7C738832293502BB008CBA4D /* Products */,
			);
			sourceTree = "<group>";
		};
		7C738832293502BB008CBA4D /* Products */ = {
			isa = PBXGroup;
			children = (
				7C738831293502BB008CBA4D /* Instagram.app */,
			);
			name = Products;
			sourceTree = "<group>";
		};
		7C738833293502BB008CBA4D /* Instagram */ = {
			isa = PBXGroup;
			children = (
				7C73884B29350332008CBA4D /* Views */,
				7C73884A29350327008CBA4D /* Controllers */,
				7C73884929350321008CBA4D /* Models */,
				7C73884829350317008CBA4D /* Resources */,
				7C738842293502BC008CBA4D /* Info.plist */,
			);
			path = Instagram;
			sourceTree = "<group>";
		};
		7C73884829350317008CBA4D /* Resources */ = {
			isa = PBXGroup;
			children = (
				7C738834293502BB008CBA4D /* AppDelegate.swift */,
				7C738836293502BB008CBA4D /* SceneDelegate.swift */,
			);
			path = Resources;
			sourceTree = "<group>";
		};
		7C73884929350321008CBA4D /* Models */ = {
			isa = PBXGroup;
			children = (
			);
			path = Models;
			sourceTree = "<group>";
		};
		7C73884A29350327008CBA4D /* Controllers */ = {
			isa = PBXGroup;
			children = (
				7C738856293505CE008CBA4D /* Other */,
				7C73885529350586008CBA4D /* Core Tabs */,
			);
			path = Controllers;
			sourceTree = "<group>";
		};
		7C73884B29350332008CBA4D /* Views */ = {
			isa = PBXGroup;
			children = (
				7C73884C2935039B008CBA4D /* StoryBoards */,
				7C73883D293502BC008CBA4D /* Assets.xcassets */,
			);
			path = Views;
			sourceTree = "<group>";
		};
		7C73884C2935039B008CBA4D /* StoryBoards */ = {
			isa = PBXGroup;
			children = (
				7C73883A293502BB008CBA4D /* Main.storyboard */,
				7C73883F293502BC008CBA4D /* LaunchScreen.storyboard */,
			);
			path = StoryBoards;
			sourceTree = "<group>";
		};
		7C73885529350586008CBA4D /* Core Tabs */ = {
			isa = PBXGroup;
			children = (
				7C738838293502BB008CBA4D /* HomeViewController.swift */,
				7C73884D293504FB008CBA4D /* ExploreViewController.swift */,
				7C73884F2935052D008CBA4D /* CameraViewController.swift */,
				7C73885129350550008CBA4D /* NotificationsViewController.swift */,
				7C73885329350564008CBA4D /* ProfileViewController.swift */,
			);
			path = "Core Tabs";
			sourceTree = "<group>";
		};
		7C738856293505CE008CBA4D /* Other */ = {
			isa = PBXGroup;
			children = (
				7C738857293505D3008CBA4D /* OnBoarding */,
				7C73885C2935068A008CBA4D /* PostViewController.swift */,
				7C73885F293506B8008CBA4D /* EditProfileViewController.swift */,
				7C738861293506D1008CBA4D /* SettingsViewController.swift */,
				7C738863293506FF008CBA4D /* ListViewViewController.swift */,
				7C73886529350718008CBA4D /* SearchViewController.swift */,
				7C73886729350730008CBA4D /* SearchResultViewController.swift */,
				7C73886929350975008CBA4D /* PostEditorViewController.swift */,
				7C73886B29350996008CBA4D /* PublishPostViewController.swift */,
			);
			path = Other;
			sourceTree = "<group>";
		};
		7C738857293505D3008CBA4D /* OnBoarding */ = {
			isa = PBXGroup;
			children = (
				7C738858293505E0008CBA4D /* LoginViewController.swift */,
				7C73885A29350625008CBA4D /* RegisterViewController.swift */,
			);
			path = OnBoarding;
			sourceTree = "<group>";
		};
/* End PBXGroup section */

/* Begin PBXNativeTarget section */
		7C738830293502BB008CBA4D /* Instagram */ = {
			isa = PBXNativeTarget;
			buildConfigurationList = 7C738845293502BC008CBA4D /* Build configuration list for PBXNativeTarget "Instagram" */;
			buildPhases = (
				7C73882D293502BB008CBA4D /* Sources */,
				7C73882E293502BB008CBA4D /* Frameworks */,
				7C73882F293502BB008CBA4D /* Resources */,
			);
			buildRules = (
			);
			dependencies = (
			);
			name = Instagram;
			productName = Instagram;
			productReference = 7C738831293502BB008CBA4D /* Instagram.app */;
			productType = "com.apple.product-type.application";
		};
/* End PBXNativeTarget section */

/* Begin PBXProject section */
		7C738829293502BB008CBA4D /* Project object */ = {
			isa = PBXProject;
			attributes = {
				BuildIndependentTargetsInParallel = 1;
				LastSwiftUpdateCheck = 1410;
				LastUpgradeCheck = 1410;
				TargetAttributes = {
					7C738830293502BB008CBA4D = {
						CreatedOnToolsVersion = 14.1;
					};
				};
			};
			buildConfigurationList = 7C73882C293502BB008CBA4D /* Build configuration list for PBXProject "Instagram" */;
			compatibilityVersion = "Xcode 14.0";
			developmentRegion = en;
			hasScannedForEncodings = 0;
			knownRegions = (
				en,
				Base,
			);
			mainGroup = 7C738828293502BB008CBA4D;
			productRefGroup = 7C738832293502BB008CBA4D /* Products */;
			projectDirPath = "";
			projectRoot = "";
			targets = (
				7C738830293502BB008CBA4D /* Instagram */,
			);
		};
/* End PBXProject section */

/* Begin PBXResourcesBuildPhase section */
		7C73882F293502BB008CBA4D /* Resources */ = {
			isa = PBXResourcesBuildPhase;
			buildActionMask = 2147483647;
			files = (
				7C738841293502BC008CBA4D /* LaunchScreen.storyboard in Resources */,
				7C73883E293502BC008CBA4D /* Assets.xcassets in Resources */,
				7C73883C293502BB008CBA4D /* Main.storyboard in Resources */,
			);
			runOnlyForDeploymentPostprocessing = 0;
		};
/* End PBXResourcesBuildPhase section */

/* Begin PBXSourcesBuildPhase section */
		7C73882D293502BB008CBA4D /* Sources */ = {
			isa = PBXSourcesBuildPhase;
			buildActionMask = 2147483647;
			files = (
				7C738864293506FF008CBA4D /* ListViewViewController.swift in Sources */,
				7C738860293506B8008CBA4D /* EditProfileViewController.swift in Sources */,
				7C73886C29350996008CBA4D /* PublishPostViewController.swift in Sources */,
				7C73885B29350625008CBA4D /* RegisterViewController.swift in Sources */,
				7C73884E293504FB008CBA4D /* ExploreViewController.swift in Sources */,
				7C7388502935052D008CBA4D /* CameraViewController.swift in Sources */,
				7C73886A29350975008CBA4D /* PostEditorViewController.swift in Sources */,
				7C738839293502BB008CBA4D /* HomeViewController.swift in Sources */,
				7C73885D2935068A008CBA4D /* PostViewController.swift in Sources */,
				7C73886829350730008CBA4D /* SearchResultViewController.swift in Sources */,
				7C73885229350550008CBA4D /* NotificationsViewController.swift in Sources */,
				7C73886629350718008CBA4D /* SearchViewController.swift in Sources */,
				7C738859293505E0008CBA4D /* LoginViewController.swift in Sources */,
				7C73885429350564008CBA4D /* ProfileViewController.swift in Sources */,
				7C738835293502BB008CBA4D /* AppDelegate.swift in Sources */,
				7C738837293502BB008CBA4D /* SceneDelegate.swift in Sources */,
				7C738862293506D1008CBA4D /* SettingsViewController.swift in Sources */,
			);
			runOnlyForDeploymentPostprocessing = 0;
		};
/* End PBXSourcesBuildPhase section */

/* Begin PBXVariantGroup section */
		7C73883A293502BB008CBA4D /* Main.storyboard */ = {
			isa = PBXVariantGroup;
			children = (
				7C73883B293502BB008CBA4D /* Base */,
			);
			name = Main.storyboard;
			sourceTree = "<group>";
		};
		7C73883F293502BC008CBA4D /* LaunchScreen.storyboard */ = {
			isa = PBXVariantGroup;
			children = (
				7C738840293502BC008CBA4D /* Base */,
			);
			name = LaunchScreen.storyboard;
			sourceTree = "<group>";
		};
/* End PBXVariantGroup section */

/* Begin XCBuildConfiguration section */
		7C738843293502BC008CBA4D /* Debug */ = {
			isa = XCBuildConfiguration;
			buildSettings = {
				ALWAYS_SEARCH_USER_PATHS = NO;
				CLANG_ANALYZER_NONNULL = YES;
				CLANG_ANALYZER_NUMBER_OBJECT_CONVERSION = YES_AGGRESSIVE;
				CLANG_CXX_LANGUAGE_STANDARD = "gnu++20";
				CLANG_ENABLE_MODULES = YES;
				CLANG_ENABLE_OBJC_ARC = YES;
				CLANG_ENABLE_OBJC_WEAK = YES;
				CLANG_WARN_BLOCK_CAPTURE_AUTORELEASING = YES;
				CLANG_WARN_BOOL_CONVERSION = YES;
				CLANG_WARN_COMMA = YES;
				CLANG_WARN_CONSTANT_CONVERSION = YES;
				CLANG_WARN_DEPRECATED_OBJC_IMPLEMENTATIONS = YES;
				CLANG_WARN_DIRECT_OBJC_ISA_USAGE = YES_ERROR;
				CLANG_WARN_DOCUMENTATION_COMMENTS = YES;
				CLANG_WARN_EMPTY_BODY = YES;
				CLANG_WARN_ENUM_CONVERSION = YES;
				CLANG_WARN_INFINITE_RECURSION = YES;
				CLANG_WARN_INT_CONVERSION = YES;
				CLANG_WARN_NON_LITERAL_NULL_CONVERSION = YES;
				CLANG_WARN_OBJC_IMPLICIT_RETAIN_SELF = YES;
				CLANG_WARN_OBJC_LITERAL_CONVERSION = YES;
				CLANG_WARN_OBJC_ROOT_CLASS = YES_ERROR;
				CLANG_WARN_QUOTED_INCLUDE_IN_FRAMEWORK_HEADER = YES;
				CLANG_WARN_RANGE_LOOP_ANALYSIS = YES;
				CLANG_WARN_STRICT_PROTOTYPES = YES;
				CLANG_WARN_SUSPICIOUS_MOVE = YES;
				CLANG_WARN_UNGUARDED_AVAILABILITY = YES_AGGRESSIVE;
				CLANG_WARN_UNREACHABLE_CODE = YES;
				CLANG_WARN__DUPLICATE_METHOD_MATCH = YES;
				COPY_PHASE_STRIP = NO;
				DEBUG_INFORMATION_FORMAT = dwarf;
				ENABLE_STRICT_OBJC_MSGSEND = YES;
				ENABLE_TESTABILITY = YES;
				GCC_C_LANGUAGE_STANDARD = gnu11;
				GCC_DYNAMIC_NO_PIC = NO;
				GCC_NO_COMMON_BLOCKS = YES;
				GCC_OPTIMIZATION_LEVEL = 0;
				GCC_PREPROCESSOR_DEFINITIONS = (
					"DEBUG=1",
					"$(inherited)",
				);
				GCC_WARN_64_TO_32_BIT_CONVERSION = YES;
				GCC_WARN_ABOUT_RETURN_TYPE = YES_ERROR;
				GCC_WARN_UNDECLARED_SELECTOR = YES;
				GCC_WARN_UNINITIALIZED_AUTOS = YES_AGGRESSIVE;
				GCC_WARN_UNUSED_FUNCTION = YES;
				GCC_WARN_UNUSED_VARIABLE = YES;
				IPHONEOS_DEPLOYMENT_TARGET = 16.1;
				MTL_ENABLE_DEBUG_INFO = INCLUDE_SOURCE;
				MTL_FAST_MATH = YES;
				ONLY_ACTIVE_ARCH = YES;
				SDKROOT = iphoneos;
				SWIFT_ACTIVE_COMPILATION_CONDITIONS = DEBUG;
				SWIFT_OPTIMIZATION_LEVEL = "-Onone";
			};
			name = Debug;
		};
		7C738844293502BC008CBA4D /* Release */ = {
			isa = XCBuildConfiguration;
			buildSettings = {
				ALWAYS_SEARCH_USER_PATHS = NO;
				CLANG_ANALYZER_NONNULL = YES;
				CLANG_ANALYZER_NUMBER_OBJECT_CONVERSION = YES_AGGRESSIVE;
				CLANG_CXX_LANGUAGE_STANDARD = "gnu++20";
				CLANG_ENABLE_MODULES = YES;
				CLANG_ENABLE_OBJC_ARC = YES;
				CLANG_ENABLE_OBJC_WEAK = YES;
				CLANG_WARN_BLOCK_CAPTURE_AUTORELEASING = YES;
				CLANG_WARN_BOOL_CONVERSION = YES;
				CLANG_WARN_COMMA = YES;
				CLANG_WARN_CONSTANT_CONVERSION = YES;
				CLANG_WARN_DEPRECATED_OBJC_IMPLEMENTATIONS = YES;
				CLANG_WARN_DIRECT_OBJC_ISA_USAGE = YES_ERROR;
				CLANG_WARN_DOCUMENTATION_COMMENTS = YES;
				CLANG_WARN_EMPTY_BODY = YES;
				CLANG_WARN_ENUM_CONVERSION = YES;
				CLANG_WARN_INFINITE_RECURSION = YES;
				CLANG_WARN_INT_CONVERSION = YES;
				CLANG_WARN_NON_LITERAL_NULL_CONVERSION = YES;
				CLANG_WARN_OBJC_IMPLICIT_RETAIN_SELF = YES;
				CLANG_WARN_OBJC_LITERAL_CONVERSION = YES;
				CLANG_WARN_OBJC_ROOT_CLASS = YES_ERROR;
				CLANG_WARN_QUOTED_INCLUDE_IN_FRAMEWORK_HEADER = YES;
				CLANG_WARN_RANGE_LOOP_ANALYSIS = YES;
				CLANG_WARN_STRICT_PROTOTYPES = YES;
				CLANG_WARN_SUSPICIOUS_MOVE = YES;
				CLANG_WARN_UNGUARDED_AVAILABILITY = YES_AGGRESSIVE;
				CLANG_WARN_UNREACHABLE_CODE = YES;
				CLANG_WARN__DUPLICATE_METHOD_MATCH = YES;
				COPY_PHASE_STRIP = NO;
				DEBUG_INFORMATION_FORMAT = "dwarf-with-dsym";
				ENABLE_NS_ASSERTIONS = NO;
				ENABLE_STRICT_OBJC_MSGSEND = YES;
				GCC_C_LANGUAGE_STANDARD = gnu11;
				GCC_NO_COMMON_BLOCKS = YES;
				GCC_WARN_64_TO_32_BIT_CONVERSION = YES;
				GCC_WARN_ABOUT_RETURN_TYPE = YES_ERROR;
				GCC_WARN_UNDECLARED_SELECTOR = YES;
				GCC_WARN_UNINITIALIZED_AUTOS = YES_AGGRESSIVE;
				GCC_WARN_UNUSED_FUNCTION = YES;
				GCC_WARN_UNUSED_VARIABLE = YES;
				IPHONEOS_DEPLOYMENT_TARGET = 16.1;
				MTL_ENABLE_DEBUG_INFO = NO;
				MTL_FAST_MATH = YES;
				SDKROOT = iphoneos;
				SWIFT_COMPILATION_MODE = wholemodule;
				SWIFT_OPTIMIZATION_LEVEL = "-O";
				VALIDATE_PRODUCT = YES;
			};
			name = Release;
		};
		7C738846293502BC008CBA4D /* Debug */ = {
			isa = XCBuildConfiguration;
			buildSettings = {
				ASSETCATALOG_COMPILER_APPICON_NAME = AppIcon;
				ASSETCATALOG_COMPILER_GLOBAL_ACCENT_COLOR_NAME = AccentColor;
				CODE_SIGN_STYLE = Automatic;
				CURRENT_PROJECT_VERSION = 1;
				GENERATE_INFOPLIST_FILE = YES;
				INFOPLIST_FILE = Instagram/Info.plist;
				INFOPLIST_KEY_UIApplicationSupportsIndirectInputEvents = YES;
				INFOPLIST_KEY_UILaunchStoryboardName = LaunchScreen;
				INFOPLIST_KEY_UIMainStoryboardFile = Main;
				INFOPLIST_KEY_UISupportedInterfaceOrientations_iPad = "UIInterfaceOrientationPortrait UIInterfaceOrientationPortraitUpsideDown UIInterfaceOrientationLandscapeLeft UIInterfaceOrientationLandscapeRight";
				INFOPLIST_KEY_UISupportedInterfaceOrientations_iPhone = "UIInterfaceOrientationPortrait UIInterfaceOrientationLandscapeLeft UIInterfaceOrientationLandscapeRight";
				LD_RUNPATH_SEARCH_PATHS = (
					"$(inherited)",
					"@executable_path/Frameworks",
				);
				MARKETING_VERSION = 1.0;
				PRODUCT_BUNDLE_IDENTIFIER = com.clone.Instagram;
				PRODUCT_NAME = "$(TARGET_NAME)";
				SWIFT_EMIT_LOC_STRINGS = YES;
				SWIFT_VERSION = 5.0;
				TARGETED_DEVICE_FAMILY = "1,2";
			};
			name = Debug;
		};
		7C738847293502BC008CBA4D /* Release */ = {
			isa = XCBuildConfiguration;
			buildSettings = {
				ASSETCATALOG_COMPILER_APPICON_NAME = AppIcon;
				ASSETCATALOG_COMPILER_GLOBAL_ACCENT_COLOR_NAME = AccentColor;
				CODE_SIGN_STYLE = Automatic;
				CURRENT_PROJECT_VERSION = 1;
				GENERATE_INFOPLIST_FILE = YES;
				INFOPLIST_FILE = Instagram/Info.plist;
				INFOPLIST_KEY_UIApplicationSupportsIndirectInputEvents = YES;
				INFOPLIST_KEY_UILaunchStoryboardName = LaunchScreen;
				INFOPLIST_KEY_UIMainStoryboardFile = Main;
				INFOPLIST_KEY_UISupportedInterfaceOrientations_iPad = "UIInterfaceOrientationPortrait UIInterfaceOrientationPortraitUpsideDown UIInterfaceOrientationLandscapeLeft UIInterfaceOrientationLandscapeRight";
				INFOPLIST_KEY_UISupportedInterfaceOrientations_iPhone = "UIInterfaceOrientationPortrait UIInterfaceOrientationLandscapeLeft UIInterfaceOrientationLandscapeRight";
				LD_RUNPATH_SEARCH_PATHS = (
					"$(inherited)",
					"@executable_path/Frameworks",
				);
				MARKETING_VERSION = 1.0;
				PRODUCT_BUNDLE_IDENTIFIER = com.clone.Instagram;
				PRODUCT_NAME = "$(TARGET_NAME)";
				SWIFT_EMIT_LOC_STRINGS = YES;
				SWIFT_VERSION = 5.0;
				TARGETED_DEVICE_FAMILY = "1,2";
			};
			name = Release;
		};
/* End XCBuildConfiguration section */

/* Begin XCConfigurationList section */
		7C73882C293502BB008CBA4D /* Build configuration list for PBXProject "Instagram" */ = {
			isa = XCConfigurationList;
			buildConfigurations = (
				7C738843293502BC008CBA4D /* Debug */,
				7C738844293502BC008CBA4D /* Release */,
			);
			defaultConfigurationIsVisible = 0;
			defaultConfigurationName = Release;
		};
		7C738845293502BC008CBA4D /* Build configuration list for PBXNativeTarget "Instagram" */ = {
			isa = XCConfigurationList;
			buildConfigurations = (
				7C738846293502BC008CBA4D /* Debug */,
				7C738847293502BC008CBA4D /* Release */,
			);
			defaultConfigurationIsVisible = 0;
			defaultConfigurationName = Release;
		};
/* End XCConfigurationList section */
	};
	rootObject = 7C738829293502BB008CBA4D /* Project object */;
}
